<?xml version="1.0" encoding="UTF-8"?>
<CodeBlocks_project_file>
	<FileVersion major="1" minor="6"/>
	<Project>
		<Option title="s3574983_a2"/>
		<Option makefile_is_custom="1"/>
		<Option compiler="gcc"/>
		<Option virtualFolders="CMake Files\;"/>
		<Build>
			<Target title="all">
				<Option working_dir="/Users/mediba013/Library/Mobile Documents/com~apple~CloudDocs/School/C++/s3574983-a2"/>
				<Option type="4"/>
				<MakeCommands>
					<Build command="/usr/bin/make -j4 -f &quot;/Users/mediba013/Library/Mobile\ Documents/com~apple~CloudDocs/School/C++/s3574983-a2/Makefile&quot;  VERBOSE=1 all"/>
					<CompileFile command="/usr/bin/make -j4 -f &quot;/Users/mediba013/Library/Mobile\ Documents/com~apple~CloudDocs/School/C++/s3574983-a2/Makefile&quot;  VERBOSE=1 &quot;$file&quot;"/>
					<Clean command="/usr/bin/make -j4 -f &quot;/Users/mediba013/Library/Mobile\ Documents/com~apple~CloudDocs/School/C++/s3574983-a2/Makefile&quot;  VERBOSE=1 clean"/>
					<DistClean command="/usr/bin/make -j4 -f &quot;/Users/mediba013/Library/Mobile\ Documents/com~apple~CloudDocs/School/C++/s3574983-a2/Makefile&quot;  VERBOSE=1 clean"/>
				</MakeCommands>
			</Target>
			<Target title="rebuild_cache">
				<Option working_dir="/Users/mediba013/Library/Mobile Documents/com~apple~CloudDocs/School/C++/s3574983-a2"/>
				<Option type="4"/>
				<MakeCommands>
					<Build command="/usr/bin/make -j4 -f &quot;/Users/mediba013/Library/Mobile\ Documents/com~apple~CloudDocs/School/C++/s3574983-a2/Makefile&quot;  VERBOSE=1 rebuild_cache"/>
					<CompileFile command="/usr/bin/make -j4 -f &quot;/Users/mediba013/Library/Mobile\ Documents/com~apple~CloudDocs/School/C++/s3574983-a2/Makefile&quot;  VERBOSE=1 &quot;$file&quot;"/>
					<Clean command="/usr/bin/make -j4 -f &quot;/Users/mediba013/Library/Mobile\ Documents/com~apple~CloudDocs/School/C++/s3574983-a2/Makefile&quot;  VERBOSE=1 clean"/>
					<DistClean command="/usr/bin/make -j4 -f &quot;/Users/mediba013/Library/Mobile\ Documents/com~apple~CloudDocs/School/C++/s3574983-a2/Makefile&quot;  VERBOSE=1 clean"/>
				</MakeCommands>
			</Target>
			<Target title="edit_cache">
				<Option working_dir="/Users/mediba013/Library/Mobile Documents/com~apple~CloudDocs/School/C++/s3574983-a2"/>
				<Option type="4"/>
				<MakeCommands>
					<Build command="/usr/bin/make -j4 -f &quot;/Users/mediba013/Library/Mobile\ Documents/com~apple~CloudDocs/School/C++/s3574983-a2/Makefile&quot;  VERBOSE=1 edit_cache"/>
					<CompileFile command="/usr/bin/make -j4 -f &quot;/Users/mediba013/Library/Mobile\ Documents/com~apple~CloudDocs/School/C++/s3574983-a2/Makefile&quot;  VERBOSE=1 &quot;$file&quot;"/>
					<Clean command="/usr/bin/make -j4 -f &quot;/Users/mediba013/Library/Mobile\ Documents/com~apple~CloudDocs/School/C++/s3574983-a2/Makefile&quot;  VERBOSE=1 clean"/>
					<DistClean command="/usr/bin/make -j4 -f &quot;/Users/mediba013/Library/Mobile\ Documents/com~apple~CloudDocs/School/C++/s3574983-a2/Makefile&quot;  VERBOSE=1 clean"/>
				</MakeCommands>
			</Target>
			<Target title="s3574983_a2">
				<Option output="/Users/mediba013/Library/Mobile Documents/com~apple~CloudDocs/School/C++/s3574983-a2/s3574983_a2" prefix_auto="0" extension_auto="0"/>
				<Option working_dir="/Users/mediba013/Library/Mobile Documents/com~apple~CloudDocs/School/C++/s3574983-a2"/>
				<Option object_output="./"/>
				<Option type="1"/>
				<Option compiler="gcc"/>
				<Compiler>
					<Add directory="/Users/mediba013/Library/Mobile Documents/com~apple~CloudDocs/School/C++/s3574983-a2/."/>
					<Add directory="/Users/mediba013/Library/Mobile Documents/com~apple~CloudDocs/School/C++/s3574983-a2/s3574983-a2"/>
					<Add directory="/Library/Developer/CommandLineTools/usr/include/c++/v1"/>
					<Add directory="/usr/local/include"/>
					<Add directory="/Library/Developer/CommandLineTools/usr/lib/clang/10.0.1/include"/>
					<Add directory="/Library/Developer/CommandLineTools/usr/include"/>
					<Add directory="/System/Library/Frameworks"/>
					<Add directory="/Library/Frameworks"/>
				</Compiler>
				<MakeCommands>
					<Build command="/usr/bin/make -j4 -f &quot;/Users/mediba013/Library/Mobile\ Documents/com~apple~CloudDocs/School/C++/s3574983-a2/Makefile&quot;  VERBOSE=1 s3574983_a2"/>
					<CompileFile command="/usr/bin/make -j4 -f &quot;/Users/mediba013/Library/Mobile\ Documents/com~apple~CloudDocs/School/C++/s3574983-a2/Makefile&quot;  VERBOSE=1 &quot;$file&quot;"/>
					<Clean command="/usr/bin/make -j4 -f &quot;/Users/mediba013/Library/Mobile\ Documents/com~apple~CloudDocs/School/C++/s3574983-a2/Makefile&quot;  VERBOSE=1 clean"/>
					<DistClean command="/usr/bin/make -j4 -f &quot;/Users/mediba013/Library/Mobile\ Documents/com~apple~CloudDocs/School/C++/s3574983-a2/Makefile&quot;  VERBOSE=1 clean"/>
				</MakeCommands>
			</Target>
			<Target title="s3574983_a2/fast">
				<Option output="/Users/mediba013/Library/Mobile Documents/com~apple~CloudDocs/School/C++/s3574983-a2/s3574983_a2" prefix_auto="0" extension_auto="0"/>
				<Option working_dir="/Users/mediba013/Library/Mobile Documents/com~apple~CloudDocs/School/C++/s3574983-a2"/>
				<Option object_output="./"/>
				<Option type="1"/>
				<Option compiler="gcc"/>
				<Compiler>
					<Add directory="/Users/mediba013/Library/Mobile Documents/com~apple~CloudDocs/School/C++/s3574983-a2/."/>
					<Add directory="/Users/mediba013/Library/Mobile Documents/com~apple~CloudDocs/School/C++/s3574983-a2/s3574983-a2"/>
					<Add directory="/Library/Developer/CommandLineTools/usr/include/c++/v1"/>
					<Add directory="/usr/local/include"/>
					<Add directory="/Library/Developer/CommandLineTools/usr/lib/clang/10.0.1/include"/>
					<Add directory="/Library/Developer/CommandLineTools/usr/include"/>
					<Add directory="/System/Library/Frameworks"/>
					<Add directory="/Library/Frameworks"/>
				</Compiler>
				<MakeCommands>
					<Build command="/usr/bin/make -j4 -f &quot;/Users/mediba013/Library/Mobile\ Documents/com~apple~CloudDocs/School/C++/s3574983-a2/Makefile&quot;  VERBOSE=1 s3574983_a2/fast"/>
					<CompileFile command="/usr/bin/make -j4 -f &quot;/Users/mediba013/Library/Mobile\ Documents/com~apple~CloudDocs/School/C++/s3574983-a2/Makefile&quot;  VERBOSE=1 &quot;$file&quot;"/>
					<Clean command="/usr/bin/make -j4 -f &quot;/Users/mediba013/Library/Mobile\ Documents/com~apple~CloudDocs/School/C++/s3574983-a2/Makefile&quot;  VERBOSE=1 clean"/>
					<DistClean command="/usr/bin/make -j4 -f &quot;/Users/mediba013/Library/Mobile\ Documents/com~apple~CloudDocs/School/C++/s3574983-a2/Makefile&quot;  VERBOSE=1 clean"/>
				</MakeCommands>
			</Target>
		</Build>
		<Unit filename="/Users/mediba013/Library/Mobile Documents/com~apple~CloudDocs/School/C++/s3574983-a2/s3574983-a2/Coordinator.cpp">
			<Option target="s3574983_a2"/>
		</Unit>
		<Unit filename="/Users/mediba013/Library/Mobile Documents/com~apple~CloudDocs/School/C++/s3574983-a2/s3574983-a2/Coordinator.hpp">
			<Option target="s3574983_a2"/>
		</Unit>
		<Unit filename="/Users/mediba013/Library/Mobile Documents/com~apple~CloudDocs/School/C++/s3574983-a2/s3574983-a2/Edge.cpp">
			<Option target="s3574983_a2"/>
		</Unit>
		<Unit filename="/Users/mediba013/Library/Mobile Documents/com~apple~CloudDocs/School/C++/s3574983-a2/s3574983-a2/Edge.hpp">
			<Option target="s3574983_a2"/>
		</Unit>
		<Unit filename="/Users/mediba013/Library/Mobile Documents/com~apple~CloudDocs/School/C++/s3574983-a2/s3574983-a2/Generator.cpp">
			<Option target="s3574983_a2"/>
		</Unit>
		<Unit filename="/Users/mediba013/Library/Mobile Documents/com~apple~CloudDocs/School/C++/s3574983-a2/s3574983-a2/Generator.hpp">
			<Option target="s3574983_a2"/>
		</Unit>
		<Unit filename="/Users/mediba013/Library/Mobile Documents/com~apple~CloudDocs/School/C++/s3574983-a2/s3574983-a2/GrowingTree.cpp">
			<Option target="s3574983_a2"/>
		</Unit>
		<Unit filename="/Users/mediba013/Library/Mobile Documents/com~apple~CloudDocs/School/C++/s3574983-a2/s3574983-a2/GrowingTree.hpp">
			<Option target="s3574983_a2"/>
		</Unit>
		<Unit filename="/Users/mediba013/Library/Mobile Documents/com~apple~CloudDocs/School/C++/s3574983-a2/s3574983-a2/HuntAndKill.cpp">
			<Option target="s3574983_a2"/>
		</Unit>
		<Unit filename="/Users/mediba013/Library/Mobile Documents/com~apple~CloudDocs/School/C++/s3574983-a2/s3574983-a2/HuntAndKill.hpp">
			<Option target="s3574983_a2"/>
		</Unit>
		<Unit filename="/Users/mediba013/Library/Mobile Documents/com~apple~CloudDocs/School/C++/s3574983-a2/s3574983-a2/Prim.cpp">
			<Option target="s3574983_a2"/>
		</Unit>
		<Unit filename="/Users/mediba013/Library/Mobile Documents/com~apple~CloudDocs/School/C++/s3574983-a2/s3574983-a2/Prim.hpp">
			<Option target="s3574983_a2"/>
		</Unit>
		<Unit filename="/Users/mediba013/Library/Mobile Documents/com~apple~CloudDocs/School/C++/s3574983-a2/s3574983-a2/RecursiveBacktracking.cpp">
			<Option target="s3574983_a2"/>
		</Unit>
		<Unit filename="/Users/mediba013/Library/Mobile Documents/com~apple~CloudDocs/School/C++/s3574983-a2/s3574983-a2/RecursiveBacktracking.hpp">
			<Option target="s3574983_a2"/>
		</Unit>
		<Unit filename="/Users/mediba013/Library/Mobile Documents/com~apple~CloudDocs/School/C++/s3574983-a2/s3574983-a2/main.cpp">
			<Option target="s3574983_a2"/>
		</Unit>
		<Unit filename="/Users/mediba013/Library/Mobile Documents/com~apple~CloudDocs/School/C++/s3574983-a2/CMakeLists.txt">
			<Option virtualFolder="CMake Files\"/>
		</Unit>
	</Project>
</CodeBlocks_project_file>
