// !$*UTF8*$!
{
	archiveVersion = 1;
	classes = {
	};
	objectVersion = 50;
	objects = {

/* Begin PBXBuildFile section */
		AFDF4D69227870C500FCBC0A /* main.cpp in Sources */ = {isa = PBXBuildFile; fileRef = AFDF4D68227870C500FCBC0A /* main.cpp */; };
		AFDF4D71227870EC00FCBC0A /* Generator.cpp in Sources */ = {isa = PBXBuildFile; fileRef = AFDF4D6F227870EC00FCBC0A /* Generator.cpp */; };
		AFDF4D742278734800FCBC0A /* Coordinator.cpp in Sources */ = {isa = PBXBuildFile; fileRef = AFDF4D722278734800FCBC0A /* Coordinator.cpp */; };
		AFDF4D77227873C700FCBC0A /* Edge.cpp in Sources */ = {isa = PBXBuildFile; fileRef = AFDF4D75227873C700FCBC0A /* Edge.cpp */; };
		AFDF4D7B22787F2600FCBC0A /* HuntAndKill.cpp in Sources */ = {isa = PBXBuildFile; fileRef = AFDF4D7922787F2600FCBC0A /* HuntAndKill.cpp */; };
		AFDF4D7E2279BB4500FCBC0A /* GrowingTree.cpp in Sources */ = {isa = PBXBuildFile; fileRef = AFDF4D7C2279BB4500FCBC0A /* GrowingTree.cpp */; };
		AFDF4D812279BC4E00FCBC0A /* Prim.cpp in Sources */ = {isa = PBXBuildFile; fileRef = AFDF4D7F2279BC4E00FCBC0A /* Prim.cpp */; };
		AFDF4D842279BC6C00FCBC0A /* RecursiveBacktracking.cpp in Sources */ = {isa = PBXBuildFile; fileRef = AFDF4D822279BC6C00FCBC0A /* RecursiveBacktracking.cpp */; };
/* End PBXBuildFile section */

/* Begin PBXCopyFilesBuildPhase section */
		AFDF4D63227870C500FCBC0A /* CopyFiles */ = {
			isa = PBXCopyFilesBuildPhase;
			buildActionMask = 2147483647;
			dstPath = /usr/share/man/man1/;
			dstSubfolderSpec = 0;
			files = (
			);
			runOnlyForDeploymentPostprocessing = 1;
		};
/* End PBXCopyFilesBuildPhase section */

/* Begin PBXFileReference section */
		AFDF4D65227870C500FCBC0A /* s3574983-a2 */ = {isa = PBXFileReference; explicitFileType = "compiled.mach-o.executable"; includeInIndex = 0; path = "s3574983-a2"; sourceTree = BUILT_PRODUCTS_DIR; };
		AFDF4D68227870C500FCBC0A /* main.cpp */ = {isa = PBXFileReference; lastKnownFileType = sourcecode.cpp.cpp; path = main.cpp; sourceTree = "<group>"; };
		AFDF4D6F227870EC00FCBC0A /* Generator.cpp */ = {isa = PBXFileReference; lastKnownFileType = sourcecode.cpp.cpp; path = Generator.cpp; sourceTree = "<group>"; };
		AFDF4D70227870EC00FCBC0A /* Generator.hpp */ = {isa = PBXFileReference; lastKnownFileType = sourcecode.cpp.h; path = Generator.hpp; sourceTree = "<group>"; };
		AFDF4D722278734800FCBC0A /* Coordinator.cpp */ = {isa = PBXFileReference; lastKnownFileType = sourcecode.cpp.cpp; path = Coordinator.cpp; sourceTree = "<group>"; };
		AFDF4D732278734800FCBC0A /* Coordinator.hpp */ = {isa = PBXFileReference; lastKnownFileType = sourcecode.cpp.h; path = Coordinator.hpp; sourceTree = "<group>"; };
		AFDF4D75227873C700FCBC0A /* Edge.cpp */ = {isa = PBXFileReference; lastKnownFileType = sourcecode.cpp.cpp; path = Edge.cpp; sourceTree = "<group>"; };
		AFDF4D76227873C700FCBC0A /* Edge.hpp */ = {isa = PBXFileReference; lastKnownFileType = sourcecode.cpp.h; path = Edge.hpp; sourceTree = "<group>"; };
		AFDF4D7822787E4800FCBC0A /* README.md */ = {isa = PBXFileReference; lastKnownFileType = net.daringfireball.markdown; path = README.md; sourceTree = "<group>"; };
		AFDF4D7922787F2600FCBC0A /* HuntAndKill.cpp */ = {isa = PBXFileReference; lastKnownFileType = sourcecode.cpp.cpp; path = HuntAndKill.cpp; sourceTree = "<group>"; };
		AFDF4D7A22787F2600FCBC0A /* HuntAndKill.hpp */ = {isa = PBXFileReference; lastKnownFileType = sourcecode.cpp.h; path = HuntAndKill.hpp; sourceTree = "<group>"; };
		AFDF4D7C2279BB4500FCBC0A /* GrowingTree.cpp */ = {isa = PBXFileReference; lastKnownFileType = sourcecode.cpp.cpp; path = GrowingTree.cpp; sourceTree = "<group>"; };
		AFDF4D7D2279BB4500FCBC0A /* GrowingTree.hpp */ = {isa = PBXFileReference; lastKnownFileType = sourcecode.cpp.h; path = GrowingTree.hpp; sourceTree = "<group>"; };
		AFDF4D7F2279BC4E00FCBC0A /* Prim.cpp */ = {isa = PBXFileReference; lastKnownFileType = sourcecode.cpp.cpp; path = Prim.cpp; sourceTree = "<group>"; };
		AFDF4D802279BC4E00FCBC0A /* Prim.hpp */ = {isa = PBXFileReference; lastKnownFileType = sourcecode.cpp.h; path = Prim.hpp; sourceTree = "<group>"; };
		AFDF4D822279BC6C00FCBC0A /* RecursiveBacktracking.cpp */ = {isa = PBXFileReference; lastKnownFileType = sourcecode.cpp.cpp; path = RecursiveBacktracking.cpp; sourceTree = "<group>"; };
		AFDF4D832279BC6C00FCBC0A /* RecursiveBacktracking.hpp */ = {isa = PBXFileReference; lastKnownFileType = sourcecode.cpp.h; path = RecursiveBacktracking.hpp; sourceTree = "<group>"; };
/* End PBXFileReference section */

/* Begin PBXFrameworksBuildPhase section */
		AFDF4D62227870C500FCBC0A /* Frameworks */ = {
			isa = PBXFrameworksBuildPhase;
			buildActionMask = 2147483647;
			files = (
			);
			runOnlyForDeploymentPostprocessing = 0;
		};
/* End PBXFrameworksBuildPhase section */

/* Begin PBXGroup section */
		AFDF4D5C227870C500FCBC0A = {
			isa = PBXGroup;
			children = (
				AFDF4D67227870C500FCBC0A /* s3574983-a2 */,
				AFDF4D66227870C500FCBC0A /* Products */,
				AFDF4D7822787E4800FCBC0A /* README.md */,
			);
			sourceTree = "<group>";
		};
		AFDF4D66227870C500FCBC0A /* Products */ = {
			isa = PBXGroup;
			children = (
				AFDF4D65227870C500FCBC0A /* s3574983-a2 */,
			);
			name = Products;
			sourceTree = "<group>";
		};
		AFDF4D67227870C500FCBC0A /* s3574983-a2 */ = {
			isa = PBXGroup;
			children = (
				AFDF4D68227870C500FCBC0A /* main.cpp */,
				AFDF4D6F227870EC00FCBC0A /* Generator.cpp */,
				AFDF4D70227870EC00FCBC0A /* Generator.hpp */,
				AFDF4D7922787F2600FCBC0A /* HuntAndKill.cpp */,
				AFDF4D7A22787F2600FCBC0A /* HuntAndKill.hpp */,
				AFDF4D7C2279BB4500FCBC0A /* GrowingTree.cpp */,
				AFDF4D7D2279BB4500FCBC0A /* GrowingTree.hpp */,
				AFDF4D7F2279BC4E00FCBC0A /* Prim.cpp */,
				AFDF4D802279BC4E00FCBC0A /* Prim.hpp */,
				AFDF4D822279BC6C00FCBC0A /* RecursiveBacktracking.cpp */,
				AFDF4D832279BC6C00FCBC0A /* RecursiveBacktracking.hpp */,
				AFDF4D722278734800FCBC0A /* Coordinator.cpp */,
				AFDF4D732278734800FCBC0A /* Coordinator.hpp */,
				AFDF4D75227873C700FCBC0A /* Edge.cpp */,
				AFDF4D76227873C700FCBC0A /* Edge.hpp */,
			);
			path = "s3574983-a2";
			sourceTree = "<group>";
		};
/* End PBXGroup section */

/* Begin PBXNativeTarget section */
		AFDF4D64227870C500FCBC0A /* s3574983-a2 */ = {
			isa = PBXNativeTarget;
			buildConfigurationList = AFDF4D6C227870C500FCBC0A /* Build configuration list for PBXNativeTarget "s3574983-a2" */;
			buildPhases = (
				AFDF4D61227870C500FCBC0A /* Sources */,
				AFDF4D62227870C500FCBC0A /* Frameworks */,
				AFDF4D63227870C500FCBC0A /* CopyFiles */,
			);
			buildRules = (
			);
			dependencies = (
			);
			name = "s3574983-a2";
			productName = "s3574983-a2";
			productReference = AFDF4D65227870C500FCBC0A /* s3574983-a2 */;
			productType = "com.apple.product-type.tool";
		};
/* End PBXNativeTarget section */

/* Begin PBXProject section */
		AFDF4D5D227870C500FCBC0A /* Project object */ = {
			isa = PBXProject;
			attributes = {
				LastUpgradeCheck = 1020;
				ORGANIZATIONNAME = RMIT;
				TargetAttributes = {
					AFDF4D64227870C500FCBC0A = {
						CreatedOnToolsVersion = 10.2.1;
					};
				};
			};
			buildConfigurationList = AFDF4D60227870C500FCBC0A /* Build configuration list for PBXProject "s3574983-a2" */;
			compatibilityVersion = "Xcode 9.3";
			developmentRegion = en;
			hasScannedForEncodings = 0;
			knownRegions = (
				en,
			);
			mainGroup = AFDF4D5C227870C500FCBC0A;
			productRefGroup = AFDF4D66227870C500FCBC0A /* Products */;
			projectDirPath = "";
			projectRoot = "";
			targets = (
				AFDF4D64227870C500FCBC0A /* s3574983-a2 */,
			);
		};
/* End PBXProject section */

/* Begin PBXSourcesBuildPhase section */
		AFDF4D61227870C500FCBC0A /* Sources */ = {
			isa = PBXSourcesBuildPhase;
			buildActionMask = 2147483647;
			files = (
				AFDF4D742278734800FCBC0A /* Coordinator.cpp in Sources */,
				AFDF4D7E2279BB4500FCBC0A /* GrowingTree.cpp in Sources */,
				AFDF4D69227870C500FCBC0A /* main.cpp in Sources */,
				AFDF4D7B22787F2600FCBC0A /* HuntAndKill.cpp in Sources */,
				AFDF4D77227873C700FCBC0A /* Edge.cpp in Sources */,
				AFDF4D812279BC4E00FCBC0A /* Prim.cpp in Sources */,
				AFDF4D842279BC6C00FCBC0A /* RecursiveBacktracking.cpp in Sources */,
				AFDF4D71227870EC00FCBC0A /* Generator.cpp in Sources */,
			);
			runOnlyForDeploymentPostprocessing = 0;
		};
/* End PBXSourcesBuildPhase section */

/* Begin XCBuildConfiguration section */
		AFDF4D6A227870C500FCBC0A /* Debug */ = {
			isa = XCBuildConfiguration;
			buildSettings = {
				ALWAYS_SEARCH_USER_PATHS = NO;
				CLANG_ANALYZER_NONNULL = YES;
				CLANG_ANALYZER_NUMBER_OBJECT_CONVERSION = YES_AGGRESSIVE;
				CLANG_CXX_LANGUAGE_STANDARD = "gnu++14";
				CLANG_CXX_LIBRARY = "libc++";
				CLANG_ENABLE_MODULES = YES;
				CLANG_ENABLE_OBJC_ARC = YES;
				CLANG_ENABLE_OBJC_WEAK = YES;
				CLANG_WARN_BLOCK_CAPTURE_AUTORELEASING = YES;
				CLANG_WARN_BOOL_CONVERSION = YES;
				CLANG_WARN_COMMA = YES;
				CLANG_WARN_CONSTANT_CONVERSION = YES;
				CLANG_WARN_DEPRECATED_OBJC_IMPLEMENTATIONS = YES;
				CLANG_WARN_DIRECT_OBJC_ISA_USAGE = YES_ERROR;
				CLANG_WARN_DOCUMENTATION_COMMENTS = YES;
				CLANG_WARN_EMPTY_BODY = YES;
				CLANG_WARN_ENUM_CONVERSION = YES;
				CLANG_WARN_INFINITE_RECURSION = YES;
				CLANG_WARN_INT_CONVERSION = YES;
				CLANG_WARN_NON_LITERAL_NULL_CONVERSION = YES;
				CLANG_WARN_OBJC_IMPLICIT_RETAIN_SELF = YES;
				CLANG_WARN_OBJC_LITERAL_CONVERSION = YES;
				CLANG_WARN_OBJC_ROOT_CLASS = YES_ERROR;
				CLANG_WARN_RANGE_LOOP_ANALYSIS = YES;
				CLANG_WARN_STRICT_PROTOTYPES = YES;
				CLANG_WARN_SUSPICIOUS_MOVE = YES;
				CLANG_WARN_UNGUARDED_AVAILABILITY = YES_AGGRESSIVE;
				CLANG_WARN_UNREACHABLE_CODE = YES;
				CLANG_WARN__DUPLICATE_METHOD_MATCH = YES;
				CODE_SIGN_IDENTITY = "Mac Developer";
				COPY_PHASE_STRIP = NO;
				DEBUG_INFORMATION_FORMAT = dwarf;
				ENABLE_STRICT_OBJC_MSGSEND = YES;
				ENABLE_TESTABILITY = YES;
				GCC_C_LANGUAGE_STANDARD = gnu11;
				GCC_DYNAMIC_NO_PIC = NO;
				GCC_NO_COMMON_BLOCKS = YES;
				GCC_OPTIMIZATION_LEVEL = 0;
				GCC_PREPROCESSOR_DEFINITIONS = (
					"DEBUG=1",
					"$(inherited)",
				);
				GCC_WARN_64_TO_32_BIT_CONVERSION = YES;
				GCC_WARN_ABOUT_RETURN_TYPE = YES_ERROR;
				GCC_WARN_UNDECLARED_SELECTOR = YES;
				GCC_WARN_UNINITIALIZED_AUTOS = YES_AGGRESSIVE;
				GCC_WARN_UNUSED_FUNCTION = YES;
				GCC_WARN_UNUSED_VARIABLE = YES;
				MACOSX_DEPLOYMENT_TARGET = 10.14;
				MTL_ENABLE_DEBUG_INFO = INCLUDE_SOURCE;
				MTL_FAST_MATH = YES;
				ONLY_ACTIVE_ARCH = YES;
				SDKROOT = macosx;
			};
			name = Debug;
		};
		AFDF4D6B227870C500FCBC0A /* Release */ = {
			isa = XCBuildConfiguration;
			buildSettings = {
				ALWAYS_SEARCH_USER_PATHS = NO;
				CLANG_ANALYZER_NONNULL = YES;
				CLANG_ANALYZER_NUMBER_OBJECT_CONVERSION = YES_AGGRESSIVE;
				CLANG_CXX_LANGUAGE_STANDARD = "gnu++14";
				CLANG_CXX_LIBRARY = "libc++";
				CLANG_ENABLE_MODULES = YES;
				CLANG_ENABLE_OBJC_ARC = YES;
				CLANG_ENABLE_OBJC_WEAK = YES;
				CLANG_WARN_BLOCK_CAPTURE_AUTORELEASING = YES;
				CLANG_WARN_BOOL_CONVERSION = YES;
				CLANG_WARN_COMMA = YES;
				CLANG_WARN_CONSTANT_CONVERSION = YES;
				CLANG_WARN_DEPRECATED_OBJC_IMPLEMENTATIONS = YES;
				CLANG_WARN_DIRECT_OBJC_ISA_USAGE = YES_ERROR;
				CLANG_WARN_DOCUMENTATION_COMMENTS = YES;
				CLANG_WARN_EMPTY_BODY = YES;
				CLANG_WARN_ENUM_CONVERSION = YES;
				CLANG_WARN_INFINITE_RECURSION = YES;
				CLANG_WARN_INT_CONVERSION = YES;
				CLANG_WARN_NON_LITERAL_NULL_CONVERSION = YES;
				CLANG_WARN_OBJC_IMPLICIT_RETAIN_SELF = YES;
				CLANG_WARN_OBJC_LITERAL_CONVERSION = YES;
				CLANG_WARN_OBJC_ROOT_CLASS = YES_ERROR;
				CLANG_WARN_RANGE_LOOP_ANALYSIS = YES;
				CLANG_WARN_STRICT_PROTOTYPES = YES;
				CLANG_WARN_SUSPICIOUS_MOVE = YES;
				CLANG_WARN_UNGUARDED_AVAILABILITY = YES_AGGRESSIVE;
				CLANG_WARN_UNREACHABLE_CODE = YES;
				CLANG_WARN__DUPLICATE_METHOD_MATCH = YES;
				CODE_SIGN_IDENTITY = "Mac Developer";
				COPY_PHASE_STRIP = NO;
				DEBUG_INFORMATION_FORMAT = "dwarf-with-dsym";
				ENABLE_NS_ASSERTIONS = NO;
				ENABLE_STRICT_OBJC_MSGSEND = YES;
				GCC_C_LANGUAGE_STANDARD = gnu11;
				GCC_NO_COMMON_BLOCKS = YES;
				GCC_WARN_64_TO_32_BIT_CONVERSION = YES;
				GCC_WARN_ABOUT_RETURN_TYPE = YES_ERROR;
				GCC_WARN_UNDECLARED_SELECTOR = YES;
				GCC_WARN_UNINITIALIZED_AUTOS = YES_AGGRESSIVE;
				GCC_WARN_UNUSED_FUNCTION = YES;
				GCC_WARN_UNUSED_VARIABLE = YES;
				MACOSX_DEPLOYMENT_TARGET = 10.14;
				MTL_ENABLE_DEBUG_INFO = NO;
				MTL_FAST_MATH = YES;
				SDKROOT = macosx;
			};
			name = Release;
		};
		AFDF4D6D227870C500FCBC0A /* Debug */ = {
			isa = XCBuildConfiguration;
			buildSettings = {
				CODE_SIGN_IDENTITY = "Mac Developer";
				CODE_SIGN_STYLE = Automatic;
				DEVELOPMENT_TEAM = N8955PM583;
				PRODUCT_NAME = "$(TARGET_NAME)";
				PROVISIONING_PROFILE_SPECIFIER = "";
			};
			name = Debug;
		};
		AFDF4D6E227870C500FCBC0A /* Release */ = {
			isa = XCBuildConfiguration;
			buildSettings = {
				CODE_SIGN_IDENTITY = "Mac Developer";
				CODE_SIGN_STYLE = Automatic;
				DEVELOPMENT_TEAM = N8955PM583;
				PRODUCT_NAME = "$(TARGET_NAME)";
				PROVISIONING_PROFILE_SPECIFIER = "";
			};
			name = Release;
		};
/* End XCBuildConfiguration section */

/* Begin XCConfigurationList section */
		AFDF4D60227870C500FCBC0A /* Build configuration list for PBXProject "s3574983-a2" */ = {
			isa = XCConfigurationList;
			buildConfigurations = (
				AFDF4D6A227870C500FCBC0A /* Debug */,
				AFDF4D6B227870C500FCBC0A /* Release */,
			);
			defaultConfigurationIsVisible = 0;
			defaultConfigurationName = Release;
		};
		AFDF4D6C227870C500FCBC0A /* Build configuration list for PBXNativeTarget "s3574983-a2" */ = {
			isa = XCConfigurationList;
			buildConfigurations = (
				AFDF4D6D227870C500FCBC0A /* Debug */,
				AFDF4D6E227870C500FCBC0A /* Release */,
			);
			defaultConfigurationIsVisible = 0;
			defaultConfigurationName = Release;
		};
/* End XCConfigurationList section */
	};
	rootObject = AFDF4D5D227870C500FCBC0A /* Project object */;
}
